
Microsoft Visual Studio Solution File, Format Version 12.00
# Visual Studio Version 17
VisualStudioVersion = 17.5.33530.505
MinimumVisualStudioVersion = 10.0.40219.1
Project("{FAE04EC0-301F-11D3-BF4B-00C04F79EFBC}") = "ToffeeApplication", "ToffeeApplication\ToffeeApplication.csproj", "{A6122058-47BD-464D-BE03-0510DC80A808}"
EndProject
Global
	GlobalSection(SolutionConfigurationPlatforms) = preSolution
		Debug|Any CPU = Debug|Any CPU
		Release|Any CPU = Release|Any CPU
	EndGlobalSection
	GlobalSection(ProjectConfigurationPlatforms) = postSolution
		{A6122058-47BD-464D-BE03-0510DC80A808}.Debug|Any CPU.ActiveCfg = Debug|Any CPU
		{A6122058-47BD-464D-BE03-0510DC80A808}.Debug|Any CPU.Build.0 = Debug|Any CPU
		{A6122058-47BD-464D-BE03-0510DC80A808}.Release|Any CPU.ActiveCfg = Release|Any CPU
		{A6122058-47BD-464D-BE03-0510DC80A808}.Release|Any CPU.Build.0 = Release|Any CPU
	EndGlobalSection
	GlobalSection(SolutionProperties) = preSolution
		HideSolutionNode = FALSE
	EndGlobalSection
	GlobalSection(ExtensibilityGlobals) = postSolution
		SolutionGuid = {9F25306B-F370-4569-BFF0-79F1A4F68D19}
	EndGlobalSection
EndGlobal
